{
  "name": "web-widgets",
  "lockfileVersion": 2,
  "requires": true,
  "packages": {
    "": {
      "name": "web-widgets",
      "license": "Apache-2.0",
      "devDependencies": {
        "husky": "^8.0.3",
        "turbo": "^1.10.14"
      },
      "engines": {
        "node": ">=18.17.0",
        "pnpm": "~8.8.0"
      }
    },
    "node_modules/husky": {
      "version": "8.0.3",
      "resolved": "https://registry.npmjs.org/husky/-/husky-8.0.3.tgz",
      "integrity": "sha512-+dQSyqPh4x1hlO1swXBiNb2HzTDN1I2IGLQx1GrBuiqFJfoMrnZWwVmatvSiO+Iz8fBUnf+lekwNo4c2LlXItg==",
      "dev": true,
      "bin": {
        "husky": "lib/bin.js"
      },
      "engines": {
        "node": ">=14"
      },
      "funding": {
        "url": "https://github.com/sponsors/typicode"
      }
    },
    "node_modules/turbo": {
      "version": "1.10.15",
      "resolved": "https://registry.npmjs.org/turbo/-/turbo-1.10.15.tgz",
      "integrity": "sha512-mKKkqsuDAQy1wCCIjCdG+jOCwUflhckDMSRoeBPcIL/CnCl7c5yRDFe7SyaXloUUkt4tUR0rvNIhVCcT7YeQpg==",
      "dev": true,
      "bin": {
        "turbo": "bin/turbo"
      },
      "optionalDependencies": {
        "turbo-darwin-64": "1.10.15",
        "turbo-darwin-arm64": "1.10.15",
        "turbo-linux-64": "1.10.15",
        "turbo-linux-arm64": "1.10.15",
        "turbo-windows-64": "1.10.15",
        "turbo-windows-arm64": "1.10.15"
      }
    },
    "node_modules/turbo-darwin-64": {
      "version": "1.10.15",
      "resolved": "https://registry.npmjs.org/turbo-darwin-64/-/turbo-darwin-64-1.10.15.tgz",
      "integrity": "sha512-Sik5uogjkRTe1XVP9TC2GryEMOJCaKE2pM/O9uLn4koQDnWKGcLQv+mDU+H+9DXvKLnJnKCD18OVRkwK5tdpoA==",
      "cpu": [
        "x64"
      ],
      "dev": true,
      "optional": true,
      "os": [
        "darwin"
      ]
    },
    "node_modules/turbo-darwin-arm64": {
      "version": "1.10.15",
      "resolved": "https://registry.npmjs.org/turbo-darwin-arm64/-/turbo-darwin-arm64-1.10.15.tgz",
      "integrity": "sha512-xwqyFDYUcl2xwXyGPmHkmgnNm4Cy0oNzMpMOBGRr5x64SErS7QQLR4VHb0ubiR+VAb8M+ECPklU6vD1Gm+wekg==",
      "cpu": [
        "arm64"
      ],
      "dev": true,
      "optional": true,
      "os": [
        "darwin"
      ]
    },
    "node_modules/turbo-linux-64": {
      "version": "1.10.15",
      "resolved": "https://registry.npmjs.org/turbo-linux-64/-/turbo-linux-64-1.10.15.tgz",
      "integrity": "sha512-dM07SiO3RMAJ09Z+uB2LNUSkPp3I1IMF8goH5eLj+d8Kkwoxd/+qbUZOj9RvInyxU/IhlnO9w3PGd3Hp14m/nA==",
      "cpu": [
        "x64"
      ],
      "dev": true,
      "optional": true,
      "os": [
        "linux"
      ]
    },
    "node_modules/turbo-linux-arm64": {
      "version": "1.10.15",
      "resolved": "https://registry.npmjs.org/turbo-linux-arm64/-/turbo-linux-arm64-1.10.15.tgz",
      "integrity": "sha512-MkzKLkKYKyrz4lwfjNXH8aTny5+Hmiu4SFBZbx+5C0vOlyp6fV5jZANDBvLXWiDDL4DSEAuCEK/2cmN6FVH1ow==",
      "cpu": [
        "arm64"
      ],
      "dev": true,
      "optional": true,
      "os": [
        "linux"
      ]
    },
    "node_modules/turbo-windows-64": {
      "version": "1.10.15",
      "resolved": "https://registry.npmjs.org/turbo-windows-64/-/turbo-windows-64-1.10.15.tgz",
      "integrity": "sha512-3TdVU+WEH9ThvQGwV3ieX/XHebtYNHv9HARHauPwmVj3kakoALkpGxLclkHFBLdLKkqDvmHmXtcsfs6cXXRHJg==",
      "cpu": [
        "x64"
      ],
      "dev": true,
      "optional": true,
      "os": [
        "win32"
      ]
    },
    "node_modules/turbo-windows-arm64": {
      "version": "1.10.15",
      "resolved": "https://registry.npmjs.org/turbo-windows-arm64/-/turbo-windows-arm64-1.10.15.tgz",
      "integrity": "sha512-l+7UOBCbfadvPMYsX08hyLD+UIoAkg6ojfH+E8aud3gcA1padpjCJTh9gMpm3QdMbKwZteT5uUM+wyi6Rbbyww==",
      "cpu": [
        "arm64"
      ],
      "dev": true,
      "optional": true,
      "os": [
        "win32"
      ]
    }
  },
  "dependencies": {
    "husky": {
      "version": "8.0.3",
      "resolved": "https://registry.npmjs.org/husky/-/husky-8.0.3.tgz",
      "integrity": "sha512-+dQSyqPh4x1hlO1swXBiNb2HzTDN1I2IGLQx1GrBuiqFJfoMrnZWwVmatvSiO+Iz8fBUnf+lekwNo4c2LlXItg==",
      "dev": true
    },
    "turbo": {
      "version": "1.10.15",
      "resolved": "https://registry.npmjs.org/turbo/-/turbo-1.10.15.tgz",
      "integrity": "sha512-mKKkqsuDAQy1wCCIjCdG+jOCwUflhckDMSRoeBPcIL/CnCl7c5yRDFe7SyaXloUUkt4tUR0rvNIhVCcT7YeQpg==",
      "dev": true,
      "requires": {
        "turbo-darwin-64": "1.10.15",
        "turbo-darwin-arm64": "1.10.15",
        "turbo-linux-64": "1.10.15",
        "turbo-linux-arm64": "1.10.15",
        "turbo-windows-64": "1.10.15",
        "turbo-windows-arm64": "1.10.15"
      }
    },
    "turbo-darwin-64": {
      "version": "1.10.15",
      "resolved": "https://registry.npmjs.org/turbo-darwin-64/-/turbo-darwin-64-1.10.15.tgz",
      "integrity": "sha512-Sik5uogjkRTe1XVP9TC2GryEMOJCaKE2pM/O9uLn4koQDnWKGcLQv+mDU+H+9DXvKLnJnKCD18OVRkwK5tdpoA==",
      "dev": true,
      "optional": true
    },
    "turbo-darwin-arm64": {
      "version": "1.10.15",
      "resolved": "https://registry.npmjs.org/turbo-darwin-arm64/-/turbo-darwin-arm64-1.10.15.tgz",
      "integrity": "sha512-xwqyFDYUcl2xwXyGPmHkmgnNm4Cy0oNzMpMOBGRr5x64SErS7QQLR4VHb0ubiR+VAb8M+ECPklU6vD1Gm+wekg==",
      "dev": true,
      "optional": true
    },
    "turbo-linux-64": {
      "version": "1.10.15",
      "resolved": "https://registry.npmjs.org/turbo-linux-64/-/turbo-linux-64-1.10.15.tgz",
      "integrity": "sha512-dM07SiO3RMAJ09Z+uB2LNUSkPp3I1IMF8goH5eLj+d8Kkwoxd/+qbUZOj9RvInyxU/IhlnO9w3PGd3Hp14m/nA==",
      "dev": true,
      "optional": true
    },
    "turbo-linux-arm64": {
      "version": "1.10.15",
      "resolved": "https://registry.npmjs.org/turbo-linux-arm64/-/turbo-linux-arm64-1.10.15.tgz",
      "integrity": "sha512-MkzKLkKYKyrz4lwfjNXH8aTny5+Hmiu4SFBZbx+5C0vOlyp6fV5jZANDBvLXWiDDL4DSEAuCEK/2cmN6FVH1ow==",
      "dev": true,
      "optional": true
    },
    "turbo-windows-64": {
      "version": "1.10.15",
      "resolved": "https://registry.npmjs.org/turbo-windows-64/-/turbo-windows-64-1.10.15.tgz",
      "integrity": "sha512-3TdVU+WEH9ThvQGwV3ieX/XHebtYNHv9HARHauPwmVj3kakoALkpGxLclkHFBLdLKkqDvmHmXtcsfs6cXXRHJg==",
      "dev": true,
      "optional": true
    },
    "turbo-windows-arm64": {
      "version": "1.10.15",
      "resolved": "https://registry.npmjs.org/turbo-windows-arm64/-/turbo-windows-arm64-1.10.15.tgz",
      "integrity": "sha512-l+7UOBCbfadvPMYsX08hyLD+UIoAkg6ojfH+E8aud3gcA1padpjCJTh9gMpm3QdMbKwZteT5uUM+wyi6Rbbyww==",
      "dev": true,
      "optional": true
    }
  }
}
