{
    "name": "web-widgets",
    "lockfileVersion": 3,
    "requires": true,
    "packages": {
        "": {
            "name": "web-widgets",
            "hasInstallScript": true,
            "license": "Apache-2.0",
            "devDependencies": {
                "husky": "^8.0.3",
                "turbo": "^2.5.4"
            },
            "engines": {
                "node": ">=22",
                "pnpm": "10.15.0"
            }
        },
        "node_modules/husky": {
            "version": "8.0.3",
            "resolved": "https://registry.npmjs.org/husky/-/husky-8.0.3.tgz",
            "integrity": "sha512-+dQSyqPh4x1hlO1swXBiNb2HzTDN1I2IGLQx1GrBuiqFJfoMrnZWwVmatvSiO+Iz8fBUnf+lekwNo4c2LlXItg==",
            "dev": true,
            "license": "MIT",
            "bin": {
                "husky": "lib/bin.js"
            },
            "engines": {
                "node": ">=14"
            },
            "funding": {
                "url": "https://github.com/sponsors/typicode"
            }
        },
        "node_modules/turbo": {
            "version": "2.5.6",
            "resolved": "https://registry.npmjs.org/turbo/-/turbo-2.5.6.tgz",
            "integrity": "sha512-gxToHmi9oTBNB05UjUsrWf0OyN5ZXtD0apOarC1KIx232Vp3WimRNy3810QzeNSgyD5rsaIDXlxlbnOzlouo+w==",
            "dev": true,
            "license": "MIT",
            "bin": {
                "turbo": "bin/turbo"
            },
            "optionalDependencies": {
                "turbo-darwin-64": "2.5.6",
                "turbo-darwin-arm64": "2.5.6",
                "turbo-linux-64": "2.5.6",
                "turbo-linux-arm64": "2.5.6",
                "turbo-windows-64": "2.5.6",
                "turbo-windows-arm64": "2.5.6"
            }
        },
        "node_modules/turbo-darwin-64": {
            "version": "2.5.6",
            "resolved": "https://registry.npmjs.org/turbo-darwin-64/-/turbo-darwin-64-2.5.6.tgz",
            "integrity": "sha512-3C1xEdo4aFwMJAPvtlPqz1Sw/+cddWIOmsalHFMrsqqydcptwBfu26WW2cDm3u93bUzMbBJ8k3zNKFqxJ9ei2A==",
            "cpu": [
                "x64"
            ],
            "dev": true,
            "license": "MIT",
            "optional": true,
            "os": [
                "darwin"
            ]
        },
        "node_modules/turbo-darwin-arm64": {
            "version": "2.5.6",
            "resolved": "https://registry.npmjs.org/turbo-darwin-arm64/-/turbo-darwin-arm64-2.5.6.tgz",
            "integrity": "sha512-LyiG+rD7JhMfYwLqB6k3LZQtYn8CQQUePbpA8mF/hMLPAekXdJo1g0bUPw8RZLwQXUIU/3BU7tXENvhSGz5DPA==",
            "cpu": [
                "arm64"
            ],
            "dev": true,
            "license": "MIT",
            "optional": true,
            "os": [
                "darwin"
            ]
        },
        "node_modules/turbo-linux-64": {
            "version": "2.5.6",
            "resolved": "https://registry.npmjs.org/turbo-linux-64/-/turbo-linux-64-2.5.6.tgz",
            "integrity": "sha512-GOcUTT0xiT/pSnHL4YD6Yr3HreUhU8pUcGqcI2ksIF9b2/r/kRHwGFcsHgpG3+vtZF/kwsP0MV8FTlTObxsYIA==",
            "cpu": [
                "x64"
            ],
            "dev": true,
            "license": "MIT",
            "optional": true,
            "os": [
                "linux"
            ]
        },
        "node_modules/turbo-linux-arm64": {
            "version": "2.5.6",
            "resolved": "https://registry.npmjs.org/turbo-linux-arm64/-/turbo-linux-arm64-2.5.6.tgz",
            "integrity": "sha512-10Tm15bruJEA3m0V7iZcnQBpObGBcOgUcO+sY7/2vk1bweW34LMhkWi8svjV9iDF68+KJDThnYDlYE/bc7/zzQ==",
            "cpu": [
                "arm64"
            ],
            "dev": true,
            "license": "MIT",
            "optional": true,
            "os": [
                "linux"
            ]
        },
        "node_modules/turbo-windows-64": {
            "version": "2.5.6",
            "resolved": "https://registry.npmjs.org/turbo-windows-64/-/turbo-windows-64-2.5.6.tgz",
            "integrity": "sha512-FyRsVpgaj76It0ludwZsNN40ytHN+17E4PFJyeliBEbxrGTc5BexlXVpufB7XlAaoaZVxbS6KT8RofLfDRyEPg==",
            "cpu": [
                "x64"
            ],
            "dev": true,
            "license": "MIT",
            "optional": true,
            "os": [
                "win32"
            ]
        },
        "node_modules/turbo-windows-arm64": {
            "version": "2.5.6",
            "resolved": "https://registry.npmjs.org/turbo-windows-arm64/-/turbo-windows-arm64-2.5.6.tgz",
            "integrity": "sha512-j/tWu8cMeQ7HPpKri6jvKtyXg9K1gRyhdK4tKrrchH8GNHscPX/F71zax58yYtLRWTiK04zNzPcUJuoS0+v/+Q==",
            "cpu": [
                "arm64"
            ],
            "dev": true,
            "license": "MIT",
            "optional": true,
            "os": [
                "win32"
            ]
        }
    }
}
